{
  "name": "sparkmemo-editor-theme-default",
  "version": "1.0.0",
  "lockfileVersion": 1,
  "requires": true,
  "dependencies": {
    "@braintree/sanitize-url": {
      "version": "3.1.0",
      "resolved": "https://registry.npm.taobao.org/@braintree/sanitize-url/download/@braintree/sanitize-url-3.1.0.tgz",
      "integrity": "sha1-j/cdUQU81e5JgeWlAdgKU2JE9/0="
    },
    "buffer-from": {
      "version": "1.1.1",
      "resolved": "https://registry.npm.taobao.org/buffer-from/download/buffer-from-1.1.1.tgz",
      "integrity": "sha1-MnE7wCj3XAL9txDXx7zsHyxgcO8="
    },
    "camel-case": {
      "version": "3.0.0",
      "resolved": "https://registry.npm.taobao.org/camel-case/download/camel-case-3.0.0.tgz",
      "integrity": "sha1-yjw2iKTpzzpM2nd9xNy8cTJJz3M=",
      "requires": {
        "no-case": "^2.2.0",
        "upper-case": "^1.1.1"
      }
    },
    "clean-css": {
      "version": "4.2.3",
      "resolved": "https://registry.npm.taobao.org/clean-css/download/clean-css-4.2.3.tgz",
      "integrity": "sha1-UHtd59l7SO5T2ErbAWD/YhY4D3g=",
      "requires": {
        "source-map": "~0.6.0"
      },
      "dependencies": {
        "source-map": {
          "version": "0.6.1",
          "resolved": "https://registry.npm.taobao.org/source-map/download/source-map-0.6.1.tgz",
          "integrity": "sha1-dHIq8y6WFOnCh6jQu95IteLxomM="
        }
      }
    },
    "commander": {
      "version": "2.20.3",
      "resolved": "https://registry.npm.taobao.org/commander/download/commander-2.20.3.tgz",
      "integrity": "sha1-/UhehMA+tIgcIHIrpIA16FMa6zM="
    },
    "crypto-random-string": {
      "version": "3.2.0",
      "resolved": "https://registry.npm.taobao.org/crypto-random-string/download/crypto-random-string-3.2.0.tgz?cache=0&sync_timestamp=1583560595499&other_urls=https%3A%2F%2Fregistry.npm.taobao.org%2Fcrypto-random-string%2Fdownload%2Fcrypto-random-string-3.2.0.tgz",
      "integrity": "sha1-1RPvDCrG/3ytV2neWF2b8q1aK00=",
      "requires": {
        "type-fest": "^0.8.1"
      }
    },
    "css-b64-images": {
      "version": "0.2.5",
      "resolved": "https://registry.npm.taobao.org/css-b64-images/download/css-b64-images-0.2.5.tgz",
      "integrity": "sha1-QgBdgyBLK0pdk7axpWRBM7WSegI="
    },
    "d3": {
      "version": "5.16.0",
      "resolved": "https://registry.npm.taobao.org/d3/download/d3-5.16.0.tgz",
      "integrity": "sha1-nF6NO1ZAPHnU7UL71i9hE/GZyHc=",
      "requires": {
        "d3-array": "1",
        "d3-axis": "1",
        "d3-brush": "1",
        "d3-chord": "1",
        "d3-collection": "1",
        "d3-color": "1",
        "d3-contour": "1",
        "d3-dispatch": "1",
        "d3-drag": "1",
        "d3-dsv": "1",
        "d3-ease": "1",
        "d3-fetch": "1",
        "d3-force": "1",
        "d3-format": "1",
        "d3-geo": "1",
        "d3-hierarchy": "1",
        "d3-interpolate": "1",
        "d3-path": "1",
        "d3-polygon": "1",
        "d3-quadtree": "1",
        "d3-random": "1",
        "d3-scale": "2",
        "d3-scale-chromatic": "1",
        "d3-selection": "1",
        "d3-shape": "1",
        "d3-time": "1",
        "d3-time-format": "2",
        "d3-timer": "1",
        "d3-transition": "1",
        "d3-voronoi": "1",
        "d3-zoom": "1"
      }
    },
    "d3-array": {
      "version": "1.2.4",
      "resolved": "https://registry.npm.taobao.org/d3-array/download/d3-array-1.2.4.tgz",
      "integrity": "sha1-Y1zk1e6nWfb2BYY9vPww7cc39x8="
    },
    "d3-axis": {
      "version": "1.0.12",
      "resolved": "https://registry.npm.taobao.org/d3-axis/download/d3-axis-1.0.12.tgz",
      "integrity": "sha1-zfILohDPu0N5WvM3Vohvs2ONqsk="
    },
    "d3-brush": {
      "version": "1.1.5",
      "resolved": "https://registry.npm.taobao.org/d3-brush/download/d3-brush-1.1.5.tgz",
      "integrity": "sha1-BmuOhNF7GSmGAwRGyXwPun4brNw=",
      "requires": {
        "d3-dispatch": "1",
        "d3-drag": "1",
        "d3-interpolate": "1",
        "d3-selection": "1",
        "d3-transition": "1"
      }
    },
    "d3-chord": {
      "version": "1.0.6",
      "resolved": "https://registry.npm.taobao.org/d3-chord/download/d3-chord-1.0.6.tgz",
      "integrity": "sha1-MJFX4/LbLHUvAoD+3TXyBnzLsV8=",
      "requires": {
        "d3-array": "1",
        "d3-path": "1"
      }
    },
    "d3-collection": {
      "version": "1.0.7",
      "resolved": "https://registry.npm.taobao.org/d3-collection/download/d3-collection-1.0.7.tgz",
      "integrity": "sha1-NJvSqpl32wcQkcExRNXk8WtbMQ4="
    },
    "d3-color": {
      "version": "1.4.1",
      "resolved": "https://registry.npm.taobao.org/d3-color/download/d3-color-1.4.1.tgz",
      "integrity": "sha1-xSACv4hGraRCTVXZeYL+8m6zvIo="
    },
    "d3-contour": {
      "version": "1.3.2",
      "resolved": "https://registry.npm.taobao.org/d3-contour/download/d3-contour-1.3.2.tgz",
      "integrity": "sha1-ZSqs1QDSJkyzQjzuENtp9vWb6tM=",
      "requires": {
        "d3-array": "^1.1.1"
      }
    },
    "d3-dispatch": {
      "version": "1.0.6",
      "resolved": "https://registry.npm.taobao.org/d3-dispatch/download/d3-dispatch-1.0.6.tgz",
      "integrity": "sha1-ANN7zuTdjNl3Kd2JOgrCnKq6XVg="
    },
    "d3-drag": {
      "version": "1.2.5",
      "resolved": "https://registry.npm.taobao.org/d3-drag/download/d3-drag-1.2.5.tgz",
      "integrity": "sha1-JTf0UazTnTFAZne33HfIL32Yj3A=",
      "requires": {
        "d3-dispatch": "1",
        "d3-selection": "1"
      }
    },
    "d3-dsv": {
      "version": "1.2.0",
      "resolved": "https://registry.npm.taobao.org/d3-dsv/download/d3-dsv-1.2.0.tgz",
      "integrity": "sha1-nV91w6X4q9YR900/WEew1DOLiFw=",
      "requires": {
        "commander": "2",
        "iconv-lite": "0.4",
        "rw": "1"
      }
    },
    "d3-ease": {
      "version": "1.0.6",
      "resolved": "https://registry.npm.taobao.org/d3-ease/download/d3-ease-1.0.6.tgz",
      "integrity": "sha1-69ttoi36wKIiIvLU2gb2bEFqDsA="
    },
    "d3-fetch": {
      "version": "1.1.2",
      "resolved": "https://registry.npm.taobao.org/d3-fetch/download/d3-fetch-1.1.2.tgz",
      "integrity": "sha1-lXyPvG1EgFmboZGxslGL+Gs+G+I=",
      "requires": {
        "d3-dsv": "1"
      }
    },
    "d3-force": {
      "version": "1.2.1",
      "resolved": "https://registry.npm.taobao.org/d3-force/download/d3-force-1.2.1.tgz",
      "integrity": "sha1-/Sml0f8YHJ5/BmnkvXK9sOkU7As=",
      "requires": {
        "d3-collection": "1",
        "d3-dispatch": "1",
        "d3-quadtree": "1",
        "d3-timer": "1"
      }
    },
    "d3-format": {
      "version": "1.4.4",
      "resolved": "https://registry.npm.taobao.org/d3-format/download/d3-format-1.4.4.tgz",
      "integrity": "sha1-NWkl8o0P18eYO/rVk3JvzkaEQDA="
    },
    "d3-geo": {
      "version": "1.12.0",
      "resolved": "https://registry.npm.taobao.org/d3-geo/download/d3-geo-1.12.0.tgz",
      "integrity": "sha1-WN299NnbXxmdtp0bfJPcpkVKbyQ=",
      "requires": {
        "d3-array": "1"
      }
    },
    "d3-hierarchy": {
      "version": "1.1.9",
      "resolved": "https://registry.npm.taobao.org/d3-hierarchy/download/d3-hierarchy-1.1.9.tgz",
      "integrity": "sha1-L2vuJMqupD+Nw3VF+gFihVlkeoM="
    },
    "d3-interpolate": {
      "version": "1.4.0",
      "resolved": "https://registry.npm.taobao.org/d3-interpolate/download/d3-interpolate-1.4.0.tgz",
      "integrity": "sha1-Um554tgNqjg/ngwcHH3MDwWD6Yc=",
      "requires": {
        "d3-color": "1"
      }
    },
    "d3-path": {
      "version": "1.0.9",
      "resolved": "https://registry.npm.taobao.org/d3-path/download/d3-path-1.0.9.tgz",
      "integrity": "sha1-SMBQux/owmJJOoyvVSTj6VkXAc8="
    },
    "d3-polygon": {
      "version": "1.0.6",
      "resolved": "https://registry.npm.taobao.org/d3-polygon/download/d3-polygon-1.0.6.tgz",
      "integrity": "sha1-C/jLgYCm3BB/UY3feXXhKrv7044="
    },
    "d3-quadtree": {
      "version": "1.0.7",
      "resolved": "https://registry.npm.taobao.org/d3-quadtree/download/d3-quadtree-1.0.7.tgz",
      "integrity": "sha1-youE33u1N2P+PC8kvUNRN/TlMTU="
    },
    "d3-random": {
      "version": "1.1.2",
      "resolved": "https://registry.npm.taobao.org/d3-random/download/d3-random-1.1.2.tgz",
      "integrity": "sha1-KDO+fBJDYL+eLT/U8zhHz+bKspE="
    },
    "d3-scale": {
      "version": "2.2.2",
      "resolved": "https://registry.npm.taobao.org/d3-scale/download/d3-scale-2.2.2.tgz",
      "integrity": "sha1-TogOCydFrKrd0+3iap6Qip4XuB8=",
      "requires": {
        "d3-array": "^1.2.0",
        "d3-collection": "1",
        "d3-format": "1",
        "d3-interpolate": "1",
        "d3-time": "1",
        "d3-time-format": "2"
      }
    },
    "d3-scale-chromatic": {
      "version": "1.5.0",
      "resolved": "https://registry.npm.taobao.org/d3-scale-chromatic/download/d3-scale-chromatic-1.5.0.tgz",
      "integrity": "sha1-VOMz/HghL0ObFGQftVgB3YETWpg=",
      "requires": {
        "d3-color": "1",
        "d3-interpolate": "1"
      }
    },
    "d3-selection": {
      "version": "1.4.1",
      "resolved": "https://registry.npm.taobao.org/d3-selection/download/d3-selection-1.4.1.tgz",
      "integrity": "sha1-mO7bvghfvaW6+i+ePzovTX1iKpg="
    },
    "d3-shape": {
      "version": "1.3.7",
      "resolved": "https://registry.npm.taobao.org/d3-shape/download/d3-shape-1.3.7.tgz",
      "integrity": "sha1-32OAG+B7yYa8VPY3ibT+UCmStdc=",
      "requires": {
        "d3-path": "1"
      }
    },
    "d3-time": {
      "version": "1.1.0",
      "resolved": "https://registry.npm.taobao.org/d3-time/download/d3-time-1.1.0.tgz",
      "integrity": "sha1-seGdMH2unJALflsl/8XcwkmooPE="
    },
    "d3-time-format": {
      "version": "2.2.3",
      "resolved": "https://registry.npm.taobao.org/d3-time-format/download/d3-time-format-2.2.3.tgz",
      "integrity": "sha1-DJoS7ig0KyA35eoc8LnrTddfKcs=",
      "requires": {
        "d3-time": "1"
      }
    },
    "d3-timer": {
      "version": "1.0.10",
      "resolved": "https://registry.npm.taobao.org/d3-timer/download/d3-timer-1.0.10.tgz?cache=0&sync_timestamp=1573932780830&other_urls=https%3A%2F%2Fregistry.npm.taobao.org%2Fd3-timer%2Fdownload%2Fd3-timer-1.0.10.tgz",
      "integrity": "sha1-3+dripF0iDGxO22ceT/71QjdneU="
    },
    "d3-transition": {
      "version": "1.3.2",
      "resolved": "https://registry.npm.taobao.org/d3-transition/download/d3-transition-1.3.2.tgz?cache=0&sync_timestamp=1574096892527&other_urls=https%3A%2F%2Fregistry.npm.taobao.org%2Fd3-transition%2Fdownload%2Fd3-transition-1.3.2.tgz",
      "integrity": "sha1-qY7yFRvo2GAFQ0NMHKgBQK4js5g=",
      "requires": {
        "d3-color": "1",
        "d3-dispatch": "1",
        "d3-ease": "1",
        "d3-interpolate": "1",
        "d3-selection": "^1.1.0",
        "d3-timer": "1"
      }
    },
    "d3-voronoi": {
      "version": "1.1.4",
      "resolved": "https://registry.npm.taobao.org/d3-voronoi/download/d3-voronoi-1.1.4.tgz",
      "integrity": "sha1-3Tx412U9K7NZKErkeGRdlZRMgpc="
    },
    "d3-zoom": {
      "version": "1.8.3",
      "resolved": "https://registry.npm.taobao.org/d3-zoom/download/d3-zoom-1.8.3.tgz",
      "integrity": "sha1-tqPb5zjHdjEhzQW4p3lf/hf0/Ao=",
      "requires": {
        "d3-dispatch": "1",
        "d3-drag": "1",
        "d3-interpolate": "1",
        "d3-selection": "1",
        "d3-transition": "1"
      }
    },
    "dagre": {
      "version": "0.8.5",
      "resolved": "https://registry.npm.taobao.org/dagre/download/dagre-0.8.5.tgz",
      "integrity": "sha1-ujCwBV2sErbB/MJHgXRCd30Gr+4=",
      "requires": {
        "graphlib": "^2.1.8",
        "lodash": "^4.17.15"
      }
    },
    "dagre-d3": {
      "version": "0.6.4",
      "resolved": "https://registry.npm.taobao.org/dagre-d3/download/dagre-d3-0.6.4.tgz",
      "integrity": "sha1-ByjVzn8XfKIzffFBzrYPvm7reyk=",
      "requires": {
        "d3": "^5.14",
        "dagre": "^0.8.5",
        "graphlib": "^2.1.8",
        "lodash": "^4.17.15"
      }
    },
    "escaper": {
      "version": "2.5.3",
      "resolved": "https://registry.npm.taobao.org/escaper/download/escaper-2.5.3.tgz",
      "integrity": "sha1-i4/pC6NkBUFRq37/GLTOQ7HhOrU="
    },
    "graphlib": {
      "version": "2.1.8",
      "resolved": "https://registry.npm.taobao.org/graphlib/download/graphlib-2.1.8.tgz?cache=0&sync_timestamp=1575394640766&other_urls=https%3A%2F%2Fregistry.npm.taobao.org%2Fgraphlib%2Fdownload%2Fgraphlib-2.1.8.tgz",
      "integrity": "sha1-V2HUFHN4cAhMkux7XbywWSydNdo=",
      "requires": {
        "lodash": "^4.17.15"
      }
    },
    "he": {
      "version": "1.2.0",
      "resolved": "https://registry.npm.taobao.org/he/download/he-1.2.0.tgz",
      "integrity": "sha1-hK5l+n6vsWX922FWauFLrwVmTw8="
    },
    "highlight.js": {
      "version": "10.0.2",
      "resolved": "https://registry.npm.taobao.org/highlight.js/download/highlight.js-10.0.2.tgz",
      "integrity": "sha1-0scyVE+PaLzq8M77SwV1vOjt2+4="
    },
    "html-minifier": {
      "version": "4.0.0",
      "resolved": "https://registry.npm.taobao.org/html-minifier/download/html-minifier-4.0.0.tgz",
      "integrity": "sha1-zKmq2LzhF14C4XqMM+RtiYiIn1Y=",
      "requires": {
        "camel-case": "^3.0.0",
        "clean-css": "^4.2.1",
        "commander": "^2.19.0",
        "he": "^1.2.0",
        "param-case": "^2.1.1",
        "relateurl": "^0.2.7",
        "uglify-js": "^3.5.1"
      }
    },
    "iconv-lite": {
      "version": "0.4.24",
      "resolved": "https://registry.npm.taobao.org/iconv-lite/download/iconv-lite-0.4.24.tgz",
      "integrity": "sha1-ICK0sl+93CHS9SSXSkdKr+czkIs=",
      "requires": {
        "safer-buffer": ">= 2.1.2 < 3"
      }
    },
    "is-regexp": {
      "version": "1.0.0",
      "resolved": "https://registry.npm.taobao.org/is-regexp/download/is-regexp-1.0.0.tgz",
      "integrity": "sha1-/S2INUXEa6xaYz57mgnof6LLUGk="
    },
    "lodash": {
      "version": "4.17.15",
      "resolved": "https://registry.npm.taobao.org/lodash/download/lodash-4.17.15.tgz?cache=0&sync_timestamp=1563508077056&other_urls=https%3A%2F%2Fregistry.npm.taobao.org%2Flodash%2Fdownload%2Flodash-4.17.15.tgz",
      "integrity": "sha1-tEf2ZwoEVbv+7dETku/zMOoJdUg="
    },
    "lower-case": {
      "version": "1.1.4",
      "resolved": "https://registry.npm.taobao.org/lower-case/download/lower-case-1.1.4.tgz",
      "integrity": "sha1-miyr0bno4K6ZOkv31YdcOcQujqw="
    },
    "marked": {
      "version": "1.0.0",
      "resolved": "https://registry.npm.taobao.org/marked/download/marked-1.0.0.tgz",
      "integrity": "sha1-01eEJFoEhx5ZiKSR4ohnNi6UFpM="
    },
    "mathjax": {
      "version": "3.0.5",
      "resolved": "https://registry.npm.taobao.org/mathjax/download/mathjax-3.0.5.tgz",
      "integrity": "sha1-cH5wOpwdlfB5C71AS4lVZvRZ1RQ="
    },
    "mermaid": {
      "version": "8.5.0",
      "resolved": "https://registry.npm.taobao.org/mermaid/download/mermaid-8.5.0.tgz",
      "integrity": "sha1-irFBNZ4KstINAP+If0VkiYK1YVg=",
      "requires": {
        "@braintree/sanitize-url": "^3.1.0",
        "crypto-random-string": "^3.0.1",
        "d3": "^5.7.0",
        "dagre": "^0.8.4",
        "dagre-d3": "^0.6.4",
        "graphlib": "^2.1.7",
        "he": "^1.2.0",
        "lodash": "^4.17.11",
        "minify": "^4.1.1",
        "moment-mini": "^2.22.1",
        "scope-css": "^1.2.1"
      }
    },
    "minify": {
      "version": "4.1.3",
      "resolved": "https://registry.npm.taobao.org/minify/download/minify-4.1.3.tgz",
      "integrity": "sha1-WEZ5ItFDA/VaOij6eWQTcZVbj70=",
      "requires": {
        "clean-css": "^4.1.6",
        "css-b64-images": "~0.2.5",
        "debug": "^4.1.0",
        "html-minifier": "^4.0.0",
        "terser": "^4.0.0",
        "try-catch": "^2.0.0",
        "try-to-catch": "^1.0.2"
      },
      "dependencies": {
        "debug": {
          "version": "4.1.1",
          "resolved": "https://registry.npm.taobao.org/debug/download/debug-4.1.1.tgz",
          "integrity": "sha1-O3ImAlUQnGtYnO4FDx1RYTlmR5E=",
          "requires": {
            "ms": "^2.1.1"
          }
        },
        "ms": {
          "version": "2.1.2",
          "resolved": "https://registry.npm.taobao.org/ms/download/ms-2.1.2.tgz",
          "integrity": "sha1-0J0fNXtEP0kzgqjrPM0YOHKuYAk="
        }
      }
    },
    "moment-mini": {
      "version": "2.24.0",
      "resolved": "https://registry.npm.taobao.org/moment-mini/download/moment-mini-2.24.0.tgz",
      "integrity": "sha1-+mjZj3/pOuZb8SYvartftpg9jRg="
    },
    "no-case": {
      "version": "2.3.2",
      "resolved": "https://registry.npm.taobao.org/no-case/download/no-case-2.3.2.tgz",
      "integrity": "sha1-YLgTOWvjmz8SiKTB7V0efSi0ZKw=",
      "requires": {
        "lower-case": "^1.1.1"
      }
    },
    "param-case": {
      "version": "2.1.1",
      "resolved": "https://registry.npm.taobao.org/param-case/download/param-case-2.1.1.tgz",
      "integrity": "sha1-35T9jPZTHs915r75oIWPvHK+Ikc=",
      "requires": {
        "no-case": "^2.2.0"
      }
    },
    "relateurl": {
      "version": "0.2.7",
      "resolved": "https://registry.npm.taobao.org/relateurl/download/relateurl-0.2.7.tgz",
      "integrity": "sha1-VNvzd+UUQKypCkzSdGANP/LYiKk="
    },
    "rw": {
      "version": "1.3.3",
      "resolved": "https://registry.npm.taobao.org/rw/download/rw-1.3.3.tgz",
      "integrity": "sha1-P4Yt+pGrdmsUiF700BEkv9oHT7Q="
    },
    "safer-buffer": {
      "version": "2.1.2",
      "resolved": "https://registry.npm.taobao.org/safer-buffer/download/safer-buffer-2.1.2.tgz",
      "integrity": "sha1-RPoWGwGHuVSd2Eu5GAL5vYOFzWo="
    },
    "scope-css": {
      "version": "1.2.1",
      "resolved": "https://registry.npm.taobao.org/scope-css/download/scope-css-1.2.1.tgz",
      "integrity": "sha1-w1dovJAMrQMKPg1mOoGMD2pX9A4=",
      "requires": {
        "escaper": "^2.5.3",
        "slugify": "^1.3.1",
        "strip-css-comments": "^3.0.0"
      }
    },
    "slugify": {
      "version": "1.4.0",
      "resolved": "https://registry.npm.taobao.org/slugify/download/slugify-1.4.0.tgz",
      "integrity": "sha1-yVV8ZTxUsMf3qOeG7zQxrdZ20ss="
    },
    "source-map-support": {
      "version": "0.5.19",
      "resolved": "https://registry.npm.taobao.org/source-map-support/download/source-map-support-0.5.19.tgz?cache=0&other_urls=https%3A%2F%2Fregistry.npm.taobao.org%2Fsource-map-support%2Fdownload%2Fsource-map-support-0.5.19.tgz",
      "integrity": "sha1-qYti+G3K9PZzmWSMCFKRq56P7WE=",
      "requires": {
        "buffer-from": "^1.0.0",
        "source-map": "^0.6.0"
      },
      "dependencies": {
        "source-map": {
          "version": "0.6.1",
          "resolved": "https://registry.npm.taobao.org/source-map/download/source-map-0.6.1.tgz",
          "integrity": "sha1-dHIq8y6WFOnCh6jQu95IteLxomM="
        }
      }
    },
    "strip-css-comments": {
      "version": "3.0.0",
      "resolved": "https://registry.npm.taobao.org/strip-css-comments/download/strip-css-comments-3.0.0.tgz",
      "integrity": "sha1-elYl7/iisibPiUehElTaluE9rok=",
      "requires": {
        "is-regexp": "^1.0.0"
      }
    },
    "terser": {
      "version": "4.6.13",
      "resolved": "https://registry.npm.taobao.org/terser/download/terser-4.6.13.tgz",
      "integrity": "sha1-6HmnNkpeDbUrpIkezeAHQixWqRY=",
      "requires": {
        "commander": "^2.20.0",
        "source-map": "~0.6.1",
        "source-map-support": "~0.5.12"
      },
      "dependencies": {
        "source-map": {
          "version": "0.6.1",
          "resolved": "https://registry.npm.taobao.org/source-map/download/source-map-0.6.1.tgz",
          "integrity": "sha1-dHIq8y6WFOnCh6jQu95IteLxomM="
        }
      }
    },
    "try-catch": {
      "version": "2.0.1",
      "resolved": "https://registry.npm.taobao.org/try-catch/download/try-catch-2.0.1.tgz",
      "integrity": "sha1-o101QYfEIvKRoLz9nrd+Ok+QweU="
    },
    "try-to-catch": {
      "version": "1.1.1",
      "resolved": "https://registry.npm.taobao.org/try-to-catch/download/try-to-catch-1.1.1.tgz",
      "integrity": "sha1-dwFi3RO5oOVdoE21t/iIlWByA4o="
    },
    "type-fest": {
      "version": "0.8.1",
      "resolved": "https://registry.npm.taobao.org/type-fest/download/type-fest-0.8.1.tgz",
      "integrity": "sha1-CeJJ696FHTseSNJ8EFREZn8XuD0="
    },
    "uglify-js": {
      "version": "3.9.2",
      "resolved": "https://registry.npm.taobao.org/uglify-js/download/uglify-js-3.9.2.tgz?cache=0&sync_timestamp=1588495589104&other_urls=https%3A%2F%2Fregistry.npm.taobao.org%2Fuglify-js%2Fdownload%2Fuglify-js-3.9.2.tgz",
      "integrity": "sha1-ASt0+2ouRA2bofeREKR507Hy1I0=",
      "requires": {
        "commander": "~2.20.3"
      }
    },
    "upper-case": {
      "version": "1.1.3",
      "resolved": "https://registry.npm.taobao.org/upper-case/download/upper-case-1.1.3.tgz",
      "integrity": "sha1-9rRQHC7EzdJrp4vnIilh3ndiFZg="
    }
  }
}
